
Microsoft Visual Studio Solution File, Format Version 12.00
# Visual Studio 15
VisualStudioVersion = 15.0.28307.168
MinimumVisualStudioVersion = 10.0.40219.1
Project("{FAE04EC0-301F-11D3-BF4B-00C04F79EFBC}") = "ProductsApp", "ProductsApp\ProductsApp.csproj", "{0720F2B1-151A-4966-8BBB-5E03B3AB96BC}"
EndProject
Project("{FAE04EC0-301F-11D3-BF4B-00C04F79EFBC}") = "ProductsApp.Tests", "ProductsApp.Tests\ProductsApp.Tests.csproj", "{052C51C6-1AD6-42CE-9174-10128CCF0723}"
EndProject
Global
	GlobalSection(SolutionConfigurationPlatforms) = preSolution
		Debug|Any CPU = Debug|Any CPU
		Release|Any CPU = Release|Any CPU
	EndGlobalSection
	GlobalSection(ProjectConfigurationPlatforms) = postSolution
		{0720F2B1-151A-4966-8BBB-5E03B3AB96BC}.Debug|Any CPU.ActiveCfg = Debug|Any CPU
		{0720F2B1-151A-4966-8BBB-5E03B3AB96BC}.Debug|Any CPU.Build.0 = Debug|Any CPU
		{0720F2B1-151A-4966-8BBB-5E03B3AB96BC}.Release|Any CPU.ActiveCfg = Release|Any CPU
		{0720F2B1-151A-4966-8BBB-5E03B3AB96BC}.Release|Any CPU.Build.0 = Release|Any CPU
		{052C51C6-1AD6-42CE-9174-10128CCF0723}.Debug|Any CPU.ActiveCfg = Debug|Any CPU
		{052C51C6-1AD6-42CE-9174-10128CCF0723}.Debug|Any CPU.Build.0 = Debug|Any CPU
		{052C51C6-1AD6-42CE-9174-10128CCF0723}.Release|Any CPU.ActiveCfg = Release|Any CPU
		{052C51C6-1AD6-42CE-9174-10128CCF0723}.Release|Any CPU.Build.0 = Release|Any CPU
	EndGlobalSection
	GlobalSection(SolutionProperties) = preSolution
		HideSolutionNode = FALSE
	EndGlobalSection
	GlobalSection(ExtensibilityGlobals) = postSolution
		SolutionGuid = {9B24B169-DC78-4DBB-8E84-550F4EDE3F80}
	EndGlobalSection
EndGlobal
